
Microsoft Visual Studio Solution File, Format Version 12.00
# Visual Studio 2012
Project("{FAE04EC0-301F-11D3-BF4B-00C04F79EFBC}") = "Core", "Core\Core.csproj", "{8F3A7366-79A1-4D4B-854A-A0A2FE3694F7}"
EndProject
Project("{FAE04EC0-301F-11D3-BF4B-00C04F79EFBC}") = "Console", "Console\Console.csproj", "{DD152B08-CE91-4C14-ACFC-2CC98CA1A374}"
EndProject
Project("{FAE04EC0-301F-11D3-BF4B-00C04F79EFBC}") = "Monitor", "Monitor\Monitor.csproj", "{53614A33-60F2-4A1B-8BE0-07A68C7893C7}"
EndProject
Project("{FAE04EC0-301F-11D3-BF4B-00C04F79EFBC}") = "Service", "Service\Service.csproj", "{03E9A383-541D-4570-AB0A-D0DB8D0F2255}"
EndProject
Global
	GlobalSection(SolutionConfigurationPlatforms) = preSolution
		CD_ROM|Any CPU = CD_ROM|Any CPU
		Debug|Any CPU = Debug|Any CPU
		DVD-5|Any CPU = DVD-5|Any CPU
		Release|Any CPU = Release|Any CPU
		SingleImage|Any CPU = SingleImage|Any CPU
	EndGlobalSection
	GlobalSection(ProjectConfigurationPlatforms) = postSolution
		{8F3A7366-79A1-4D4B-854A-A0A2FE3694F7}.CD_ROM|Any CPU.ActiveCfg = Release|Any CPU
		{8F3A7366-79A1-4D4B-854A-A0A2FE3694F7}.CD_ROM|Any CPU.Build.0 = Release|Any CPU
		{8F3A7366-79A1-4D4B-854A-A0A2FE3694F7}.Debug|Any CPU.ActiveCfg = Debug|Any CPU
		{8F3A7366-79A1-4D4B-854A-A0A2FE3694F7}.Debug|Any CPU.Build.0 = Debug|Any CPU
		{8F3A7366-79A1-4D4B-854A-A0A2FE3694F7}.DVD-5|Any CPU.ActiveCfg = Debug|Any CPU
		{8F3A7366-79A1-4D4B-854A-A0A2FE3694F7}.DVD-5|Any CPU.Build.0 = Debug|Any CPU
		{8F3A7366-79A1-4D4B-854A-A0A2FE3694F7}.Release|Any CPU.ActiveCfg = Release|Any CPU
		{8F3A7366-79A1-4D4B-854A-A0A2FE3694F7}.Release|Any CPU.Build.0 = Release|Any CPU
		{8F3A7366-79A1-4D4B-854A-A0A2FE3694F7}.SingleImage|Any CPU.ActiveCfg = Release|Any CPU
		{8F3A7366-79A1-4D4B-854A-A0A2FE3694F7}.SingleImage|Any CPU.Build.0 = Release|Any CPU
		{DD152B08-CE91-4C14-ACFC-2CC98CA1A374}.CD_ROM|Any CPU.ActiveCfg = Release|Any CPU
		{DD152B08-CE91-4C14-ACFC-2CC98CA1A374}.CD_ROM|Any CPU.Build.0 = Release|Any CPU
		{DD152B08-CE91-4C14-ACFC-2CC98CA1A374}.Debug|Any CPU.ActiveCfg = Debug|Any CPU
		{DD152B08-CE91-4C14-ACFC-2CC98CA1A374}.Debug|Any CPU.Build.0 = Debug|Any CPU
		{DD152B08-CE91-4C14-ACFC-2CC98CA1A374}.DVD-5|Any CPU.ActiveCfg = Debug|Any CPU
		{DD152B08-CE91-4C14-ACFC-2CC98CA1A374}.DVD-5|Any CPU.Build.0 = Debug|Any CPU
		{DD152B08-CE91-4C14-ACFC-2CC98CA1A374}.Release|Any CPU.ActiveCfg = Release|Any CPU
		{DD152B08-CE91-4C14-ACFC-2CC98CA1A374}.Release|Any CPU.Build.0 = Release|Any CPU
		{DD152B08-CE91-4C14-ACFC-2CC98CA1A374}.SingleImage|Any CPU.ActiveCfg = Release|Any CPU
		{DD152B08-CE91-4C14-ACFC-2CC98CA1A374}.SingleImage|Any CPU.Build.0 = Release|Any CPU
		{53614A33-60F2-4A1B-8BE0-07A68C7893C7}.CD_ROM|Any CPU.ActiveCfg = Release|Any CPU
		{53614A33-60F2-4A1B-8BE0-07A68C7893C7}.CD_ROM|Any CPU.Build.0 = Release|Any CPU
		{53614A33-60F2-4A1B-8BE0-07A68C7893C7}.Debug|Any CPU.ActiveCfg = Debug|Any CPU
		{53614A33-60F2-4A1B-8BE0-07A68C7893C7}.Debug|Any CPU.Build.0 = Debug|Any CPU
		{53614A33-60F2-4A1B-8BE0-07A68C7893C7}.DVD-5|Any CPU.ActiveCfg = Debug|Any CPU
		{53614A33-60F2-4A1B-8BE0-07A68C7893C7}.DVD-5|Any CPU.Build.0 = Debug|Any CPU
		{53614A33-60F2-4A1B-8BE0-07A68C7893C7}.Release|Any CPU.ActiveCfg = Release|Any CPU
		{53614A33-60F2-4A1B-8BE0-07A68C7893C7}.Release|Any CPU.Build.0 = Release|Any CPU
		{53614A33-60F2-4A1B-8BE0-07A68C7893C7}.SingleImage|Any CPU.ActiveCfg = Release|Any CPU
		{53614A33-60F2-4A1B-8BE0-07A68C7893C7}.SingleImage|Any CPU.Build.0 = Release|Any CPU
		{03E9A383-541D-4570-AB0A-D0DB8D0F2255}.CD_ROM|Any CPU.ActiveCfg = Release|Any CPU
		{03E9A383-541D-4570-AB0A-D0DB8D0F2255}.CD_ROM|Any CPU.Build.0 = Release|Any CPU
		{03E9A383-541D-4570-AB0A-D0DB8D0F2255}.Debug|Any CPU.ActiveCfg = Debug|Any CPU
		{03E9A383-541D-4570-AB0A-D0DB8D0F2255}.Debug|Any CPU.Build.0 = Debug|Any CPU
		{03E9A383-541D-4570-AB0A-D0DB8D0F2255}.DVD-5|Any CPU.ActiveCfg = Debug|Any CPU
		{03E9A383-541D-4570-AB0A-D0DB8D0F2255}.DVD-5|Any CPU.Build.0 = Debug|Any CPU
		{03E9A383-541D-4570-AB0A-D0DB8D0F2255}.Release|Any CPU.ActiveCfg = Release|Any CPU
		{03E9A383-541D-4570-AB0A-D0DB8D0F2255}.Release|Any CPU.Build.0 = Release|Any CPU
		{03E9A383-541D-4570-AB0A-D0DB8D0F2255}.SingleImage|Any CPU.ActiveCfg = Release|Any CPU
		{03E9A383-541D-4570-AB0A-D0DB8D0F2255}.SingleImage|Any CPU.Build.0 = Release|Any CPU
	EndGlobalSection
	GlobalSection(SolutionProperties) = preSolution
		HideSolutionNode = FALSE
	EndGlobalSection
EndGlobal
